
Microsoft Visual Studio Solution File, Format Version 12.00
# Visual Studio 15
VisualStudioVersion = 15.0.25807.0
MinimumVisualStudioVersion = 10.0.40219.1
Project("{2150E333-8FDC-42A3-9474-1A3956D46DE8}") = "Engine", "Engine", "{D85BFD44-9D2C-448D-B1F8-57CAC1B81147}"
EndProject
Project("{2150E333-8FDC-42A3-9474-1A3956D46DE8}") = "Games", "Games", "{017184B3-F28E-488B-8913-3C81851B7DEE}"
EndProject
Project("{8BC9CEB8-8B4A-11D0-8D11-00A0C91BC942}") = "UE4", "Intermediate\ProjectFiles\UE4.vcxproj", "{C3A8C774-25D7-405D-B08D-7A84E9680652}"
EndProject
Project("{8BC9CEB8-8B4A-11D0-8D11-00A0C91BC942}") = "Test_Project1", "Intermediate\ProjectFiles\Test_Project1.vcxproj", "{1BED9586-F87C-43C7-9AFB-F6965FBF35BF}"
EndProject
Project("{2150E333-8FDC-42A3-9474-1A3956D46DE8}") = "Visualizers", "Visualizers", "{D9D1ECCD-6616-4F36-9B1F-D1AA3F21486B}"
	ProjectSection(SolutionItems) = preProject
		..\..\..\..\..\Program Files\Epic Games\UE_4.21\Engine\Extras\VisualStudioDebugging\UE4.natvis = ..\..\..\..\..\Program Files\Epic Games\UE_4.21\Engine\Extras\VisualStudioDebugging\UE4.natvis
	EndProjectSection
EndProject
Global
	GlobalSection(SolutionConfigurationPlatforms) = preSolution
		DebugGame Editor|HTML5 = DebugGame Editor|HTML5
		DebugGame Editor|Win32 = DebugGame Editor|Win32
		DebugGame Editor|Win64 = DebugGame Editor|Win64
		DebugGame|HTML5 = DebugGame|HTML5
		DebugGame|Win32 = DebugGame|Win32
		DebugGame|Win64 = DebugGame|Win64
		Development Editor|HTML5 = Development Editor|HTML5
		Development Editor|Win32 = Development Editor|Win32
		Development Editor|Win64 = Development Editor|Win64
		Development|HTML5 = Development|HTML5
		Development|Win32 = Development|Win32
		Development|Win64 = Development|Win64
		Shipping|HTML5 = Shipping|HTML5
		Shipping|Win32 = Shipping|Win32
		Shipping|Win64 = Shipping|Win64
	EndGlobalSection
	GlobalSection(ProjectConfigurationPlatforms) = postSolution
		{C3A8C774-25D7-405D-B08D-7A84E9680652}.DebugGame Editor|HTML5.ActiveCfg = BuiltWithUnrealBuildTool|Win32
		{C3A8C774-25D7-405D-B08D-7A84E9680652}.DebugGame Editor|Win32.ActiveCfg = BuiltWithUnrealBuildTool|Win32
		{C3A8C774-25D7-405D-B08D-7A84E9680652}.DebugGame Editor|Win64.ActiveCfg = BuiltWithUnrealBuildTool|Win32
		{C3A8C774-25D7-405D-B08D-7A84E9680652}.DebugGame|HTML5.ActiveCfg = BuiltWithUnrealBuildTool|Win32
		{C3A8C774-25D7-405D-B08D-7A84E9680652}.DebugGame|Win32.ActiveCfg = BuiltWithUnrealBuildTool|Win32
		{C3A8C774-25D7-405D-B08D-7A84E9680652}.DebugGame|Win64.ActiveCfg = BuiltWithUnrealBuildTool|Win32
		{C3A8C774-25D7-405D-B08D-7A84E9680652}.Development Editor|HTML5.ActiveCfg = BuiltWithUnrealBuildTool|Win32
		{C3A8C774-25D7-405D-B08D-7A84E9680652}.Development Editor|Win32.ActiveCfg = BuiltWithUnrealBuildTool|Win32
		{C3A8C774-25D7-405D-B08D-7A84E9680652}.Development Editor|Win64.ActiveCfg = BuiltWithUnrealBuildTool|Win32
		{C3A8C774-25D7-405D-B08D-7A84E9680652}.Development|HTML5.ActiveCfg = BuiltWithUnrealBuildTool|Win32
		{C3A8C774-25D7-405D-B08D-7A84E9680652}.Development|Win32.ActiveCfg = BuiltWithUnrealBuildTool|Win32
		{C3A8C774-25D7-405D-B08D-7A84E9680652}.Development|Win64.ActiveCfg = BuiltWithUnrealBuildTool|Win32
		{C3A8C774-25D7-405D-B08D-7A84E9680652}.Shipping|HTML5.ActiveCfg = BuiltWithUnrealBuildTool|Win32
		{C3A8C774-25D7-405D-B08D-7A84E9680652}.Shipping|Win32.ActiveCfg = BuiltWithUnrealBuildTool|Win32
		{C3A8C774-25D7-405D-B08D-7A84E9680652}.Shipping|Win64.ActiveCfg = BuiltWithUnrealBuildTool|Win32
		{1BED9586-F87C-43C7-9AFB-F6965FBF35BF}.DebugGame Editor|HTML5.ActiveCfg = Invalid|Win32
		{1BED9586-F87C-43C7-9AFB-F6965FBF35BF}.DebugGame Editor|Win32.ActiveCfg = Invalid|Win32
		{1BED9586-F87C-43C7-9AFB-F6965FBF35BF}.DebugGame Editor|Win64.ActiveCfg = DebugGame_Editor|x64
		{1BED9586-F87C-43C7-9AFB-F6965FBF35BF}.DebugGame Editor|Win64.Build.0 = DebugGame_Editor|x64
		{1BED9586-F87C-43C7-9AFB-F6965FBF35BF}.DebugGame|HTML5.ActiveCfg = HTML5_DebugGame|Win32
		{1BED9586-F87C-43C7-9AFB-F6965FBF35BF}.DebugGame|HTML5.Build.0 = HTML5_DebugGame|Win32
		{1BED9586-F87C-43C7-9AFB-F6965FBF35BF}.DebugGame|Win32.ActiveCfg = DebugGame|Win32
		{1BED9586-F87C-43C7-9AFB-F6965FBF35BF}.DebugGame|Win32.Build.0 = DebugGame|Win32
		{1BED9586-F87C-43C7-9AFB-F6965FBF35BF}.DebugGame|Win64.ActiveCfg = DebugGame|x64
		{1BED9586-F87C-43C7-9AFB-F6965FBF35BF}.DebugGame|Win64.Build.0 = DebugGame|x64
		{1BED9586-F87C-43C7-9AFB-F6965FBF35BF}.Development Editor|HTML5.ActiveCfg = Invalid|Win32
		{1BED9586-F87C-43C7-9AFB-F6965FBF35BF}.Development Editor|Win32.ActiveCfg = Invalid|Win32
		{1BED9586-F87C-43C7-9AFB-F6965FBF35BF}.Development Editor|Win64.ActiveCfg = Development_Editor|x64
		{1BED9586-F87C-43C7-9AFB-F6965FBF35BF}.Development Editor|Win64.Build.0 = Development_Editor|x64
		{1BED9586-F87C-43C7-9AFB-F6965FBF35BF}.Development|HTML5.ActiveCfg = HTML5_Development|Win32
		{1BED9586-F87C-43C7-9AFB-F6965FBF35BF}.Development|HTML5.Build.0 = HTML5_Development|Win32
		{1BED9586-F87C-43C7-9AFB-F6965FBF35BF}.Development|Win32.ActiveCfg = Development|Win32
		{1BED9586-F87C-43C7-9AFB-F6965FBF35BF}.Development|Win32.Build.0 = Development|Win32
		{1BED9586-F87C-43C7-9AFB-F6965FBF35BF}.Development|Win64.ActiveCfg = Development|x64
		{1BED9586-F87C-43C7-9AFB-F6965FBF35BF}.Development|Win64.Build.0 = Development|x64
		{1BED9586-F87C-43C7-9AFB-F6965FBF35BF}.Shipping|HTML5.ActiveCfg = HTML5_Shipping|Win32
		{1BED9586-F87C-43C7-9AFB-F6965FBF35BF}.Shipping|HTML5.Build.0 = HTML5_Shipping|Win32
		{1BED9586-F87C-43C7-9AFB-F6965FBF35BF}.Shipping|Win32.ActiveCfg = Shipping|Win32
		{1BED9586-F87C-43C7-9AFB-F6965FBF35BF}.Shipping|Win32.Build.0 = Shipping|Win32
		{1BED9586-F87C-43C7-9AFB-F6965FBF35BF}.Shipping|Win64.ActiveCfg = Shipping|x64
		{1BED9586-F87C-43C7-9AFB-F6965FBF35BF}.Shipping|Win64.Build.0 = Shipping|x64
	EndGlobalSection
	GlobalSection(SolutionProperties) = preSolution
		HideSolutionNode = FALSE
	EndGlobalSection
	GlobalSection(NestedProjects) = preSolution
		{C3A8C774-25D7-405D-B08D-7A84E9680652} = {D85BFD44-9D2C-448D-B1F8-57CAC1B81147}
		{1BED9586-F87C-43C7-9AFB-F6965FBF35BF} = {017184B3-F28E-488B-8913-3C81851B7DEE}
	EndGlobalSection
EndGlobal
